
Microsoft Visual Studio Solution File, Format Version 12.00
# Visual Studio Version 17
VisualStudioVersion = 17.1.32328.378
MinimumVisualStudioVersion = 10.0.40219.1
Project("{FAE04EC0-301F-11D3-BF4B-00C04F79EFBC}") = "eCommerceTest", "eCommerceTest.csproj", "{94CC5973-DC65-4C3B-AE3F-AE63AAEC2D79}"
EndProject
Global
	GlobalSection(SolutionConfigurationPlatforms) = preSolution
		Debug|Any CPU = Debug|Any CPU
		Release|Any CPU = Release|Any CPU
	EndGlobalSection
	GlobalSection(ProjectConfigurationPlatforms) = postSolution
		{94CC5973-DC65-4C3B-AE3F-AE63AAEC2D79}.Debug|Any CPU.ActiveCfg = Debug|Any CPU
		{94CC5973-DC65-4C3B-AE3F-AE63AAEC2D79}.Debug|Any CPU.Build.0 = Debug|Any CPU
		{94CC5973-DC65-4C3B-AE3F-AE63AAEC2D79}.Release|Any CPU.ActiveCfg = Release|Any CPU
		{94CC5973-DC65-4C3B-AE3F-AE63AAEC2D79}.Release|Any CPU.Build.0 = Release|Any CPU
	EndGlobalSection
	GlobalSection(SolutionProperties) = preSolution
		HideSolutionNode = FALSE
	EndGlobalSection
	GlobalSection(ExtensibilityGlobals) = postSolution
		SolutionGuid = {29356357-5D70-4C6E-9165-6DF155097A37}
	EndGlobalSection
EndGlobal
